// !$*UTF8*$!
{
	archiveVersion = 1;
	classes = {
	};
	objectVersion = 51;
	objects = {

/* Begin PBXBuildFile section */
		32DB5E4828141DC0544720CB /* Pods_Online_Shop_App.framework in Frameworks */ = {isa = PBXBuildFile; fileRef = 0B98E01BFA3865F8DCB7A9DF /* Pods_Online_Shop_App.framework */; };
		C203A8DD23A7B734000B196F /* AddToCartAPI.swift in Sources */ = {isa = PBXBuildFile; fileRef = C203A8DC23A7B734000B196F /* AddToCartAPI.swift */; };
		C203A8DF23A7D2C4000B196F /* CartViewController.swift in Sources */ = {isa = PBXBuildFile; fileRef = C203A8DE23A7D2C4000B196F /* CartViewController.swift */; };
		C203A8E323A7DD28000B196F /* CartViewCell.swift in Sources */ = {isa = PBXBuildFile; fileRef = C203A8E123A7DD28000B196F /* CartViewCell.swift */; };
		C203A8E423A7DD28000B196F /* CartViewCell.xib in Resources */ = {isa = PBXBuildFile; fileRef = C203A8E223A7DD28000B196F /* CartViewCell.xib */; };
		C20B991323A07011002B1587 /* HomeAPI.swift in Sources */ = {isa = PBXBuildFile; fileRef = C20B991223A07011002B1587 /* HomeAPI.swift */; };
		C20EEFB1239FCFEA00B05F90 /* URLs.swift in Sources */ = {isa = PBXBuildFile; fileRef = C20EEFB0239FCFEA00B05F90 /* URLs.swift */; };
		C20EEFB3239FD00200B05F90 /* AuthAPI.swift in Sources */ = {isa = PBXBuildFile; fileRef = C20EEFB2239FD00200B05F90 /* AuthAPI.swift */; };
		C20EEFB5239FD59E00B05F90 /* Helper.swift in Sources */ = {isa = PBXBuildFile; fileRef = C20EEFB4239FD59E00B05F90 /* Helper.swift */; };
		C210F1F023A905D700347CEE /* SizesCollectionViewCell.swift in Sources */ = {isa = PBXBuildFile; fileRef = C210F1EE23A905D700347CEE /* SizesCollectionViewCell.swift */; };
		C210F1F123A905D700347CEE /* SizesCollectionViewCell.xib in Resources */ = {isa = PBXBuildFile; fileRef = C210F1EF23A905D700347CEE /* SizesCollectionViewCell.xib */; };
		C210F1F323AA6E1500347CEE /* CartAPI.swift in Sources */ = {isa = PBXBuildFile; fileRef = C210F1F223AA6E1500347CEE /* CartAPI.swift */; };
		C210F1F523AA6EC800347CEE /* CartModel.swift in Sources */ = {isa = PBXBuildFile; fileRef = C210F1F423AA6EC800347CEE /* CartModel.swift */; };
		C212457123AA9B740047298C /* CheckOutAPI.swift in Sources */ = {isa = PBXBuildFile; fileRef = C212457023AA9B740047298C /* CheckOutAPI.swift */; };
		C21D05D9239FDE300042B3EE /* Alert.swift in Sources */ = {isa = PBXBuildFile; fileRef = C21D05D8239FDE300042B3EE /* Alert.swift */; };
		C21D05DB239FDEEA0042B3EE /* String.swift in Sources */ = {isa = PBXBuildFile; fileRef = C21D05DA239FDEEA0042B3EE /* String.swift */; };
		C2223D84237E0A0300AA5F95 /* ProductDetailsViewController.swift in Sources */ = {isa = PBXBuildFile; fileRef = C2223D83237E0A0300AA5F95 /* ProductDetailsViewController.swift */; };
		C225DFB523730F9300382FB0 /* HomeCollectionCell.swift in Sources */ = {isa = PBXBuildFile; fileRef = C225DFB323730F9300382FB0 /* HomeCollectionCell.swift */; };
		C225DFB623730F9300382FB0 /* HomeCollectionCell.xib in Resources */ = {isa = PBXBuildFile; fileRef = C225DFB423730F9300382FB0 /* HomeCollectionCell.xib */; };
		C225DFBA2373199E00382FB0 /* HomeModel.swift in Sources */ = {isa = PBXBuildFile; fileRef = C225DFB92373199E00382FB0 /* HomeModel.swift */; };
		C2517256238037FF00DC0A1E /* SliderImageCollectionCell.swift in Sources */ = {isa = PBXBuildFile; fileRef = C2517254238037FF00DC0A1E /* SliderImageCollectionCell.swift */; };
		C2517257238037FF00DC0A1E /* SliderImageCollectionCell.xib in Resources */ = {isa = PBXBuildFile; fileRef = C2517255238037FF00DC0A1E /* SliderImageCollectionCell.xib */; };
		C2577BFD237056EA0014AD86 /* RoundedButton.swift in Sources */ = {isa = PBXBuildFile; fileRef = C2577BFC237056EA0014AD86 /* RoundedButton.swift */; };
		C270E1AB237072350052B1C7 /* SigninViewController.swift in Sources */ = {isa = PBXBuildFile; fileRef = C270E1AA237072350052B1C7 /* SigninViewController.swift */; };
		C270E1B22371345E0052B1C7 /* SWRevealViewController.m in Sources */ = {isa = PBXBuildFile; fileRef = C270E1B12371345E0052B1C7 /* SWRevealViewController.m */; };
		C272B8F4236F08E100E47B6D /* AppDelegate.swift in Sources */ = {isa = PBXBuildFile; fileRef = C272B8F3236F08E100E47B6D /* AppDelegate.swift */; };
		C272B8F6236F08E100E47B6D /* SceneDelegate.swift in Sources */ = {isa = PBXBuildFile; fileRef = C272B8F5236F08E100E47B6D /* SceneDelegate.swift */; };
		C272B8F8236F08E100E47B6D /* SplashViewController.swift in Sources */ = {isa = PBXBuildFile; fileRef = C272B8F7236F08E100E47B6D /* SplashViewController.swift */; };
		C272B8FB236F08E100E47B6D /* Main.storyboard in Resources */ = {isa = PBXBuildFile; fileRef = C272B8F9236F08E100E47B6D /* Main.storyboard */; };
		C272B8FD236F08E400E47B6D /* Assets.xcassets in Resources */ = {isa = PBXBuildFile; fileRef = C272B8FC236F08E400E47B6D /* Assets.xcassets */; };
		C272B900236F08E400E47B6D /* LaunchScreen.storyboard in Resources */ = {isa = PBXBuildFile; fileRef = C272B8FE236F08E400E47B6D /* LaunchScreen.storyboard */; };
		C2C3210A2379B38200A699F2 /* ProductViewController.swift in Sources */ = {isa = PBXBuildFile; fileRef = C2C321092379B38200A699F2 /* ProductViewController.swift */; };
		C2C3210D2379B53A00A699F2 /* ProductCollectionCell.swift in Sources */ = {isa = PBXBuildFile; fileRef = C2C3210B2379B53A00A699F2 /* ProductCollectionCell.swift */; };
		C2C3210E2379B53A00A699F2 /* ProductCollectionCell.xib in Resources */ = {isa = PBXBuildFile; fileRef = C2C3210C2379B53A00A699F2 /* ProductCollectionCell.xib */; };
		C2E07EED2371EA5500FC8155 /* SignupViewController.swift in Sources */ = {isa = PBXBuildFile; fileRef = C2E07EEC2371EA5500FC8155 /* SignupViewController.swift */; };
		C2E07EEF237205B000FC8155 /* CircleImage.swift in Sources */ = {isa = PBXBuildFile; fileRef = C2E07EEE237205B000FC8155 /* CircleImage.swift */; };
		C2E07EF12372461500FC8155 /* SideMenuViewController.swift in Sources */ = {isa = PBXBuildFile; fileRef = C2E07EF02372461500FC8155 /* SideMenuViewController.swift */; };
		C2E07EF32372463E00FC8155 /* HomeViewController.swift in Sources */ = {isa = PBXBuildFile; fileRef = C2E07EF22372463E00FC8155 /* HomeViewController.swift */; };
		C2E3BE392377079900D51C31 /* SliderCell.swift in Sources */ = {isa = PBXBuildFile; fileRef = C2E3BE372377079900D51C31 /* SliderCell.swift */; };
		C2E3BE3A2377079900D51C31 /* SliderCell.xib in Resources */ = {isa = PBXBuildFile; fileRef = C2E3BE382377079900D51C31 /* SliderCell.xib */; };
		C2E8D05B23A2810500B3706F /* ProductAPI.swift in Sources */ = {isa = PBXBuildFile; fileRef = C2E8D05A23A2810500B3706F /* ProductAPI.swift */; };
		C2E8D05D23A2812300B3706F /* ProductModel.swift in Sources */ = {isa = PBXBuildFile; fileRef = C2E8D05C23A2812300B3706F /* ProductModel.swift */; };
		C2E8D05F23A2BA5100B3706F /* ProductDetailsAPI.swift in Sources */ = {isa = PBXBuildFile; fileRef = C2E8D05E23A2BA5100B3706F /* ProductDetailsAPI.swift */; };
		C2E8D06123A2BA6D00B3706F /* ProductDetailsModel.swift in Sources */ = {isa = PBXBuildFile; fileRef = C2E8D06023A2BA6D00B3706F /* ProductDetailsModel.swift */; };
/* End PBXBuildFile section */

/* Begin PBXFileReference section */
		0B98E01BFA3865F8DCB7A9DF /* Pods_Online_Shop_App.framework */ = {isa = PBXFileReference; explicitFileType = wrapper.framework; includeInIndex = 0; path = Pods_Online_Shop_App.framework; sourceTree = BUILT_PRODUCTS_DIR; };
		75C9140890F7F6129832F548 /* Pods-Online Shop App.debug.xcconfig */ = {isa = PBXFileReference; includeInIndex = 1; lastKnownFileType = text.xcconfig; name = "Pods-Online Shop App.debug.xcconfig"; path = "Target Support Files/Pods-Online Shop App/Pods-Online Shop App.debug.xcconfig"; sourceTree = "<group>"; };
		A85F68DDAF0B1DC0EF31CDE2 /* Pods-Online Shop App.release.xcconfig */ = {isa = PBXFileReference; includeInIndex = 1; lastKnownFileType = text.xcconfig; name = "Pods-Online Shop App.release.xcconfig"; path = "Target Support Files/Pods-Online Shop App/Pods-Online Shop App.release.xcconfig"; sourceTree = "<group>"; };
		C203A8DC23A7B734000B196F /* AddToCartAPI.swift */ = {isa = PBXFileReference; lastKnownFileType = sourcecode.swift; path = AddToCartAPI.swift; sourceTree = "<group>"; };
		C203A8DE23A7D2C4000B196F /* CartViewController.swift */ = {isa = PBXFileReference; lastKnownFileType = sourcecode.swift; path = CartViewController.swift; sourceTree = "<group>"; };
		C203A8E123A7DD28000B196F /* CartViewCell.swift */ = {isa = PBXFileReference; lastKnownFileType = sourcecode.swift; path = CartViewCell.swift; sourceTree = "<group>"; };
		C203A8E223A7DD28000B196F /* CartViewCell.xib */ = {isa = PBXFileReference; lastKnownFileType = file.xib; path = CartViewCell.xib; sourceTree = "<group>"; };
		C20B991223A07011002B1587 /* HomeAPI.swift */ = {isa = PBXFileReference; lastKnownFileType = sourcecode.swift; path = HomeAPI.swift; sourceTree = "<group>"; };
		C20EEFB0239FCFEA00B05F90 /* URLs.swift */ = {isa = PBXFileReference; lastKnownFileType = sourcecode.swift; path = URLs.swift; sourceTree = "<group>"; };
		C20EEFB2239FD00200B05F90 /* AuthAPI.swift */ = {isa = PBXFileReference; lastKnownFileType = sourcecode.swift; path = AuthAPI.swift; sourceTree = "<group>"; };
		C20EEFB4239FD59E00B05F90 /* Helper.swift */ = {isa = PBXFileReference; lastKnownFileType = sourcecode.swift; path = Helper.swift; sourceTree = "<group>"; };
		C210F1EE23A905D700347CEE /* SizesCollectionViewCell.swift */ = {isa = PBXFileReference; lastKnownFileType = sourcecode.swift; path = SizesCollectionViewCell.swift; sourceTree = "<group>"; };
		C210F1EF23A905D700347CEE /* SizesCollectionViewCell.xib */ = {isa = PBXFileReference; lastKnownFileType = file.xib; path = SizesCollectionViewCell.xib; sourceTree = "<group>"; };
		C210F1F223AA6E1500347CEE /* CartAPI.swift */ = {isa = PBXFileReference; lastKnownFileType = sourcecode.swift; path = CartAPI.swift; sourceTree = "<group>"; };
		C210F1F423AA6EC800347CEE /* CartModel.swift */ = {isa = PBXFileReference; lastKnownFileType = sourcecode.swift; path = CartModel.swift; sourceTree = "<group>"; };
		C212457023AA9B740047298C /* CheckOutAPI.swift */ = {isa = PBXFileReference; lastKnownFileType = sourcecode.swift; path = CheckOutAPI.swift; sourceTree = "<group>"; };
		C21D05D8239FDE300042B3EE /* Alert.swift */ = {isa = PBXFileReference; lastKnownFileType = sourcecode.swift; path = Alert.swift; sourceTree = "<group>"; };
		C21D05DA239FDEEA0042B3EE /* String.swift */ = {isa = PBXFileReference; lastKnownFileType = sourcecode.swift; path = String.swift; sourceTree = "<group>"; };
		C2223D83237E0A0300AA5F95 /* ProductDetailsViewController.swift */ = {isa = PBXFileReference; lastKnownFileType = sourcecode.swift; path = ProductDetailsViewController.swift; sourceTree = "<group>"; };
		C225DFB323730F9300382FB0 /* HomeCollectionCell.swift */ = {isa = PBXFileReference; lastKnownFileType = sourcecode.swift; path = HomeCollectionCell.swift; sourceTree = "<group>"; };
		C225DFB423730F9300382FB0 /* HomeCollectionCell.xib */ = {isa = PBXFileReference; lastKnownFileType = file.xib; path = HomeCollectionCell.xib; sourceTree = "<group>"; };
		C225DFB92373199E00382FB0 /* HomeModel.swift */ = {isa = PBXFileReference; lastKnownFileType = sourcecode.swift; path = HomeModel.swift; sourceTree = "<group>"; };
		C2517254238037FF00DC0A1E /* SliderImageCollectionCell.swift */ = {isa = PBXFileReference; lastKnownFileType = sourcecode.swift; path = SliderImageCollectionCell.swift; sourceTree = "<group>"; };
		C2517255238037FF00DC0A1E /* SliderImageCollectionCell.xib */ = {isa = PBXFileReference; lastKnownFileType = file.xib; path = SliderImageCollectionCell.xib; sourceTree = "<group>"; };
		C2577BFC237056EA0014AD86 /* RoundedButton.swift */ = {isa = PBXFileReference; lastKnownFileType = sourcecode.swift; path = RoundedButton.swift; sourceTree = "<group>"; };
		C270E1AA237072350052B1C7 /* SigninViewController.swift */ = {isa = PBXFileReference; lastKnownFileType = sourcecode.swift; path = SigninViewController.swift; sourceTree = "<group>"; };
		C270E1AF2371345D0052B1C7 /* Online Shop App-Bridging-Header.h */ = {isa = PBXFileReference; lastKnownFileType = sourcecode.c.h; path = "Online Shop App-Bridging-Header.h"; sourceTree = "<group>"; };
		C270E1B02371345E0052B1C7 /* SWRevealViewController.h */ = {isa = PBXFileReference; fileEncoding = 4; lastKnownFileType = sourcecode.c.h; path = SWRevealViewController.h; sourceTree = "<group>"; };
		C270E1B12371345E0052B1C7 /* SWRevealViewController.m */ = {isa = PBXFileReference; fileEncoding = 4; lastKnownFileType = sourcecode.c.objc; path = SWRevealViewController.m; sourceTree = "<group>"; };
		C272B8F0236F08E100E47B6D /* Online Shop App.app */ = {isa = PBXFileReference; explicitFileType = wrapper.application; includeInIndex = 0; path = "Online Shop App.app"; sourceTree = BUILT_PRODUCTS_DIR; };
		C272B8F3236F08E100E47B6D /* AppDelegate.swift */ = {isa = PBXFileReference; lastKnownFileType = sourcecode.swift; path = AppDelegate.swift; sourceTree = "<group>"; };
		C272B8F5236F08E100E47B6D /* SceneDelegate.swift */ = {isa = PBXFileReference; lastKnownFileType = sourcecode.swift; path = SceneDelegate.swift; sourceTree = "<group>"; };
		C272B8F7236F08E100E47B6D /* SplashViewController.swift */ = {isa = PBXFileReference; lastKnownFileType = sourcecode.swift; path = SplashViewController.swift; sourceTree = "<group>"; };
		C272B8FA236F08E100E47B6D /* Base */ = {isa = PBXFileReference; lastKnownFileType = file.storyboard; name = Base; path = Base.lproj/Main.storyboard; sourceTree = "<group>"; };
		C272B8FC236F08E400E47B6D /* Assets.xcassets */ = {isa = PBXFileReference; lastKnownFileType = folder.assetcatalog; path = Assets.xcassets; sourceTree = "<group>"; };
		C272B8FF236F08E400E47B6D /* Base */ = {isa = PBXFileReference; lastKnownFileType = file.storyboard; name = Base; path = Base.lproj/LaunchScreen.storyboard; sourceTree = "<group>"; };
		C272B901236F08E400E47B6D /* Info.plist */ = {isa = PBXFileReference; lastKnownFileType = text.plist.xml; path = Info.plist; sourceTree = "<group>"; };
		C2C321092379B38200A699F2 /* ProductViewController.swift */ = {isa = PBXFileReference; lastKnownFileType = sourcecode.swift; path = ProductViewController.swift; sourceTree = "<group>"; };
		C2C3210B2379B53A00A699F2 /* ProductCollectionCell.swift */ = {isa = PBXFileReference; lastKnownFileType = sourcecode.swift; path = ProductCollectionCell.swift; sourceTree = "<group>"; };
		C2C3210C2379B53A00A699F2 /* ProductCollectionCell.xib */ = {isa = PBXFileReference; lastKnownFileType = file.xib; path = ProductCollectionCell.xib; sourceTree = "<group>"; };
		C2E07EEC2371EA5500FC8155 /* SignupViewController.swift */ = {isa = PBXFileReference; lastKnownFileType = sourcecode.swift; path = SignupViewController.swift; sourceTree = "<group>"; };
		C2E07EEE237205B000FC8155 /* CircleImage.swift */ = {isa = PBXFileReference; lastKnownFileType = sourcecode.swift; path = CircleImage.swift; sourceTree = "<group>"; };
		C2E07EF02372461500FC8155 /* SideMenuViewController.swift */ = {isa = PBXFileReference; lastKnownFileType = sourcecode.swift; path = SideMenuViewController.swift; sourceTree = "<group>"; };
		C2E07EF22372463E00FC8155 /* HomeViewController.swift */ = {isa = PBXFileReference; lastKnownFileType = sourcecode.swift; path = HomeViewController.swift; sourceTree = "<group>"; };
		C2E3BE372377079900D51C31 /* SliderCell.swift */ = {isa = PBXFileReference; lastKnownFileType = sourcecode.swift; path = SliderCell.swift; sourceTree = "<group>"; };
		C2E3BE382377079900D51C31 /* SliderCell.xib */ = {isa = PBXFileReference; lastKnownFileType = file.xib; path = SliderCell.xib; sourceTree = "<group>"; };
		C2E8D05A23A2810500B3706F /* ProductAPI.swift */ = {isa = PBXFileReference; lastKnownFileType = sourcecode.swift; path = ProductAPI.swift; sourceTree = "<group>"; };
		C2E8D05C23A2812300B3706F /* ProductModel.swift */ = {isa = PBXFileReference; lastKnownFileType = sourcecode.swift; path = ProductModel.swift; sourceTree = "<group>"; };
		C2E8D05E23A2BA5100B3706F /* ProductDetailsAPI.swift */ = {isa = PBXFileReference; lastKnownFileType = sourcecode.swift; path = ProductDetailsAPI.swift; sourceTree = "<group>"; };
		C2E8D06023A2BA6D00B3706F /* ProductDetailsModel.swift */ = {isa = PBXFileReference; lastKnownFileType = sourcecode.swift; path = ProductDetailsModel.swift; sourceTree = "<group>"; };
/* End PBXFileReference section */

/* Begin PBXFrameworksBuildPhase section */
		C272B8ED236F08E100E47B6D /* Frameworks */ = {
			isa = PBXFrameworksBuildPhase;
			buildActionMask = 2147483647;
			files = (
				32DB5E4828141DC0544720CB /* Pods_Online_Shop_App.framework in Frameworks */,
			);
			runOnlyForDeploymentPostprocessing = 0;
		};
/* End PBXFrameworksBuildPhase section */

/* Begin PBXGroup section */
		2934FA9535E8712D31CA4BD2 /* Pods */ = {
			isa = PBXGroup;
			children = (
				75C9140890F7F6129832F548 /* Pods-Online Shop App.debug.xcconfig */,
				A85F68DDAF0B1DC0EF31CDE2 /* Pods-Online Shop App.release.xcconfig */,
			);
			path = Pods;
			sourceTree = "<group>";
		};
		46FAEA165B1DBE3E281EB5C9 /* Frameworks */ = {
			isa = PBXGroup;
			children = (
				0B98E01BFA3865F8DCB7A9DF /* Pods_Online_Shop_App.framework */,
			);
			name = Frameworks;
			sourceTree = "<group>";
		};
		C203A8E023A7DCED000B196F /* CartViewController */ = {
			isa = PBXGroup;
			children = (
				C203A8DE23A7D2C4000B196F /* CartViewController.swift */,
				C203A8E123A7DD28000B196F /* CartViewCell.swift */,
				C203A8E223A7DD28000B196F /* CartViewCell.xib */,
			);
			path = CartViewController;
			sourceTree = "<group>";
		};
		C21D05DC239FDF080042B3EE /* Utilities */ = {
			isa = PBXGroup;
			children = (
				C20EEFB4239FD59E00B05F90 /* Helper.swift */,
				C21D05D8239FDE300042B3EE /* Alert.swift */,
				C21D05DA239FDEEA0042B3EE /* String.swift */,
			);
			path = Utilities;
			sourceTree = "<group>";
		};
		C2223D85237E0A7200AA5F95 /* ProductDetailsViewController */ = {
			isa = PBXGroup;
			children = (
				C2223D83237E0A0300AA5F95 /* ProductDetailsViewController.swift */,
				C2517254238037FF00DC0A1E /* SliderImageCollectionCell.swift */,
				C2517255238037FF00DC0A1E /* SliderImageCollectionCell.xib */,
				C210F1EE23A905D700347CEE /* SizesCollectionViewCell.swift */,
				C210F1EF23A905D700347CEE /* SizesCollectionViewCell.xib */,
			);
			path = ProductDetailsViewController;
			sourceTree = "<group>";
		};
		C225DFB723730FAF00382FB0 /* HomeViewController */ = {
			isa = PBXGroup;
			children = (
				C2E07EF22372463E00FC8155 /* HomeViewController.swift */,
				C225DFB323730F9300382FB0 /* HomeCollectionCell.swift */,
				C225DFB423730F9300382FB0 /* HomeCollectionCell.xib */,
				C2E3BE372377079900D51C31 /* SliderCell.swift */,
				C2E3BE382377079900D51C31 /* SliderCell.xib */,
			);
			path = HomeViewController;
			sourceTree = "<group>";
		};
		C225DFB82373198600382FB0 /* Model */ = {
			isa = PBXGroup;
			children = (
				C20EEFB0239FCFEA00B05F90 /* URLs.swift */,
				C20EEFB2239FD00200B05F90 /* AuthAPI.swift */,
				C20B991223A07011002B1587 /* HomeAPI.swift */,
				C2E8D05A23A2810500B3706F /* ProductAPI.swift */,
				C2E8D05E23A2BA5100B3706F /* ProductDetailsAPI.swift */,
				C203A8DC23A7B734000B196F /* AddToCartAPI.swift */,
				C210F1F223AA6E1500347CEE /* CartAPI.swift */,
				C225DFB92373199E00382FB0 /* HomeModel.swift */,
				C2E8D05C23A2812300B3706F /* ProductModel.swift */,
				C2E8D06023A2BA6D00B3706F /* ProductDetailsModel.swift */,
				C210F1F423AA6EC800347CEE /* CartModel.swift */,
				C212457023AA9B740047298C /* CheckOutAPI.swift */,
			);
			path = Model;
			sourceTree = "<group>";
		};
		C2577BFE23705CC10014AD86 /* View */ = {
			isa = PBXGroup;
			children = (
				C2577BFC237056EA0014AD86 /* RoundedButton.swift */,
				C2E07EEE237205B000FC8155 /* CircleImage.swift */,
			);
			path = View;
			sourceTree = "<group>";
		};
		C270E1AC2370733F0052B1C7 /* Controller */ = {
			isa = PBXGroup;
			children = (
				C272B8F7236F08E100E47B6D /* SplashViewController.swift */,
				C270E1AA237072350052B1C7 /* SigninViewController.swift */,
				C2E07EEC2371EA5500FC8155 /* SignupViewController.swift */,
				C2E07EF02372461500FC8155 /* SideMenuViewController.swift */,
				C225DFB723730FAF00382FB0 /* HomeViewController */,
				C2C3210F2379B54200A699F2 /* ProductViewController */,
				C2223D85237E0A7200AA5F95 /* ProductDetailsViewController */,
				C203A8E023A7DCED000B196F /* CartViewController */,
			);
			path = Controller;
			sourceTree = "<group>";
		};
		C270E1AD2370737E0052B1C7 /* AppDelegate */ = {
			isa = PBXGroup;
			children = (
				C272B8F3236F08E100E47B6D /* AppDelegate.swift */,
				C272B8F5236F08E100E47B6D /* SceneDelegate.swift */,
			);
			path = AppDelegate;
			sourceTree = "<group>";
		};
		C270E1AE237134290052B1C7 /* SWRevealVC */ = {
			isa = PBXGroup;
			children = (
				C270E1B02371345E0052B1C7 /* SWRevealViewController.h */,
				C270E1B12371345E0052B1C7 /* SWRevealViewController.m */,
				C270E1AF2371345D0052B1C7 /* Online Shop App-Bridging-Header.h */,
			);
			path = SWRevealVC;
			sourceTree = "<group>";
		};
		C272B8E7236F08E100E47B6D = {
			isa = PBXGroup;
			children = (
				C272B8F2236F08E100E47B6D /* Online Shop App */,
				C272B8F1236F08E100E47B6D /* Products */,
				2934FA9535E8712D31CA4BD2 /* Pods */,
				46FAEA165B1DBE3E281EB5C9 /* Frameworks */,
			);
			sourceTree = "<group>";
		};
		C272B8F1236F08E100E47B6D /* Products */ = {
			isa = PBXGroup;
			children = (
				C272B8F0236F08E100E47B6D /* Online Shop App.app */,
			);
			name = Products;
			sourceTree = "<group>";
		};
		C272B8F2236F08E100E47B6D /* Online Shop App */ = {
			isa = PBXGroup;
			children = (
				C270E1AD2370737E0052B1C7 /* AppDelegate */,
				C270E1AE237134290052B1C7 /* SWRevealVC */,
				C21D05DC239FDF080042B3EE /* Utilities */,
				C225DFB82373198600382FB0 /* Model */,
				C2577BFE23705CC10014AD86 /* View */,
				C270E1AC2370733F0052B1C7 /* Controller */,
				C272B8F9236F08E100E47B6D /* Main.storyboard */,
				C272B8FC236F08E400E47B6D /* Assets.xcassets */,
				C272B8FE236F08E400E47B6D /* LaunchScreen.storyboard */,
				C272B901236F08E400E47B6D /* Info.plist */,
			);
			path = "Online Shop App";
			sourceTree = "<group>";
		};
		C2C3210F2379B54200A699F2 /* ProductViewController */ = {
			isa = PBXGroup;
			children = (
				C2C321092379B38200A699F2 /* ProductViewController.swift */,
				C2C3210B2379B53A00A699F2 /* ProductCollectionCell.swift */,
				C2C3210C2379B53A00A699F2 /* ProductCollectionCell.xib */,
			);
			path = ProductViewController;
			sourceTree = "<group>";
		};
/* End PBXGroup section */

/* Begin PBXNativeTarget section */
		C272B8EF236F08E100E47B6D /* Online Shop App */ = {
			isa = PBXNativeTarget;
			buildConfigurationList = C272B904236F08E400E47B6D /* Build configuration list for PBXNativeTarget "Online Shop App" */;
			buildPhases = (
				1D5C1E2E401DCB97C72A51B0 /* [CP] Check Pods Manifest.lock */,
				C272B8EC236F08E100E47B6D /* Sources */,
				C272B8ED236F08E100E47B6D /* Frameworks */,
				C272B8EE236F08E100E47B6D /* Resources */,
				B7CF9DBB60552FB1353B2247 /* [CP] Embed Pods Frameworks */,
			);
			buildRules = (
			);
			dependencies = (
			);
			name = "Online Shop App";
			productName = "Online Shop App";
			productReference = C272B8F0236F08E100E47B6D /* Online Shop App.app */;
			productType = "com.apple.product-type.application";
		};
/* End PBXNativeTarget section */

/* Begin PBXProject section */
		C272B8E8236F08E100E47B6D /* Project object */ = {
			isa = PBXProject;
			attributes = {
				LastSwiftUpdateCheck = 1110;
				LastUpgradeCheck = 1110;
				ORGANIZATIONNAME = Awady;
				TargetAttributes = {
					C272B8EF236F08E100E47B6D = {
						CreatedOnToolsVersion = 11.1;
						LastSwiftMigration = 1110;
					};
				};
			};
			buildConfigurationList = C272B8EB236F08E100E47B6D /* Build configuration list for PBXProject "Online Shop App" */;
			compatibilityVersion = "Xcode 9.3";
			developmentRegion = en;
			hasScannedForEncodings = 0;
			knownRegions = (
				en,
				Base,
			);
			mainGroup = C272B8E7236F08E100E47B6D;
			productRefGroup = C272B8F1236F08E100E47B6D /* Products */;
			projectDirPath = "";
			projectRoot = "";
			targets = (
				C272B8EF236F08E100E47B6D /* Online Shop App */,
			);
		};
/* End PBXProject section */

/* Begin PBXResourcesBuildPhase section */
		C272B8EE236F08E100E47B6D /* Resources */ = {
			isa = PBXResourcesBuildPhase;
			buildActionMask = 2147483647;
			files = (
				C272B900236F08E400E47B6D /* LaunchScreen.storyboard in Resources */,
				C225DFB623730F9300382FB0 /* HomeCollectionCell.xib in Resources */,
				C2E3BE3A2377079900D51C31 /* SliderCell.xib in Resources */,
				C2C3210E2379B53A00A699F2 /* ProductCollectionCell.xib in Resources */,
				C272B8FD236F08E400E47B6D /* Assets.xcassets in Resources */,
				C272B8FB236F08E100E47B6D /* Main.storyboard in Resources */,
				C210F1F123A905D700347CEE /* SizesCollectionViewCell.xib in Resources */,
				C203A8E423A7DD28000B196F /* CartViewCell.xib in Resources */,
				C2517257238037FF00DC0A1E /* SliderImageCollectionCell.xib in Resources */,
			);
			runOnlyForDeploymentPostprocessing = 0;
		};
/* End PBXResourcesBuildPhase section */

/* Begin PBXShellScriptBuildPhase section */
		1D5C1E2E401DCB97C72A51B0 /* [CP] Check Pods Manifest.lock */ = {
			isa = PBXShellScriptBuildPhase;
			buildActionMask = 2147483647;
			files = (
			);
			inputFileListPaths = (
			);
			inputPaths = (
				"${PODS_PODFILE_DIR_PATH}/Podfile.lock",
				"${PODS_ROOT}/Manifest.lock",
			);
			name = "[CP] Check Pods Manifest.lock";
			outputFileListPaths = (
			);
			outputPaths = (
				"$(DERIVED_FILE_DIR)/Pods-Online Shop App-checkManifestLockResult.txt",
			);
			runOnlyForDeploymentPostprocessing = 0;
			shellPath = /bin/sh;
			shellScript = "diff \"${PODS_PODFILE_DIR_PATH}/Podfile.lock\" \"${PODS_ROOT}/Manifest.lock\" > /dev/null\nif [ $? != 0 ] ; then\n    # print error to STDERR\n    echo \"error: The sandbox is not in sync with the Podfile.lock. Run 'pod install' or update your CocoaPods installation.\" >&2\n    exit 1\nfi\n# This output is used by Xcode 'outputs' to avoid re-running this script phase.\necho \"SUCCESS\" > \"${SCRIPT_OUTPUT_FILE_0}\"\n";
			showEnvVarsInLog = 0;
		};
		B7CF9DBB60552FB1353B2247 /* [CP] Embed Pods Frameworks */ = {
			isa = PBXShellScriptBuildPhase;
			buildActionMask = 2147483647;
			files = (
			);
			inputFileListPaths = (
				"${PODS_ROOT}/Target Support Files/Pods-Online Shop App/Pods-Online Shop App-frameworks-${CONFIGURATION}-input-files.xcfilelist",
			);
			name = "[CP] Embed Pods Frameworks";
			outputFileListPaths = (
				"${PODS_ROOT}/Target Support Files/Pods-Online Shop App/Pods-Online Shop App-frameworks-${CONFIGURATION}-output-files.xcfilelist",
			);
			runOnlyForDeploymentPostprocessing = 0;
			shellPath = /bin/sh;
			shellScript = "\"${PODS_ROOT}/Target Support Files/Pods-Online Shop App/Pods-Online Shop App-frameworks.sh\"\n";
			showEnvVarsInLog = 0;
		};
/* End PBXShellScriptBuildPhase section */

/* Begin PBXSourcesBuildPhase section */
		C272B8EC236F08E100E47B6D /* Sources */ = {
			isa = PBXSourcesBuildPhase;
			buildActionMask = 2147483647;
			files = (
				C272B8F8236F08E100E47B6D /* SplashViewController.swift in Sources */,
				C20EEFB1239FCFEA00B05F90 /* URLs.swift in Sources */,
				C2E07EEF237205B000FC8155 /* CircleImage.swift in Sources */,
				C2E07EED2371EA5500FC8155 /* SignupViewController.swift in Sources */,
				C2C3210D2379B53A00A699F2 /* ProductCollectionCell.swift in Sources */,
				C225DFBA2373199E00382FB0 /* HomeModel.swift in Sources */,
				C21D05D9239FDE300042B3EE /* Alert.swift in Sources */,
				C272B8F4236F08E100E47B6D /* AppDelegate.swift in Sources */,
				C20EEFB5239FD59E00B05F90 /* Helper.swift in Sources */,
				C2517256238037FF00DC0A1E /* SliderImageCollectionCell.swift in Sources */,
				C203A8E323A7DD28000B196F /* CartViewCell.swift in Sources */,
				C272B8F6236F08E100E47B6D /* SceneDelegate.swift in Sources */,
				C210F1F323AA6E1500347CEE /* CartAPI.swift in Sources */,
				C2E07EF32372463E00FC8155 /* HomeViewController.swift in Sources */,
				C21D05DB239FDEEA0042B3EE /* String.swift in Sources */,
				C210F1F523AA6EC800347CEE /* CartModel.swift in Sources */,
				C203A8DD23A7B734000B196F /* AddToCartAPI.swift in Sources */,
				C2577BFD237056EA0014AD86 /* RoundedButton.swift in Sources */,
				C2E8D05B23A2810500B3706F /* ProductAPI.swift in Sources */,
				C270E1AB237072350052B1C7 /* SigninViewController.swift in Sources */,
				C2E3BE392377079900D51C31 /* SliderCell.swift in Sources */,
				C2C3210A2379B38200A699F2 /* ProductViewController.swift in Sources */,
				C210F1F023A905D700347CEE /* SizesCollectionViewCell.swift in Sources */,
				C20EEFB3239FD00200B05F90 /* AuthAPI.swift in Sources */,
				C212457123AA9B740047298C /* CheckOutAPI.swift in Sources */,
				C2E8D05F23A2BA5100B3706F /* ProductDetailsAPI.swift in Sources */,
				C2E8D05D23A2812300B3706F /* ProductModel.swift in Sources */,
				C225DFB523730F9300382FB0 /* HomeCollectionCell.swift in Sources */,
				C2E07EF12372461500FC8155 /* SideMenuViewController.swift in Sources */,
				C20B991323A07011002B1587 /* HomeAPI.swift in Sources */,
				C203A8DF23A7D2C4000B196F /* CartViewController.swift in Sources */,
				C270E1B22371345E0052B1C7 /* SWRevealViewController.m in Sources */,
				C2223D84237E0A0300AA5F95 /* ProductDetailsViewController.swift in Sources */,
				C2E8D06123A2BA6D00B3706F /* ProductDetailsModel.swift in Sources */,
			);
			runOnlyForDeploymentPostprocessing = 0;
		};
/* End PBXSourcesBuildPhase section */

/* Begin PBXVariantGroup section */
		C272B8F9236F08E100E47B6D /* Main.storyboard */ = {
			isa = PBXVariantGroup;
			children = (
				C272B8FA236F08E100E47B6D /* Base */,
			);
			name = Main.storyboard;
			sourceTree = "<group>";
		};
		C272B8FE236F08E400E47B6D /* LaunchScreen.storyboard */ = {
			isa = PBXVariantGroup;
			children = (
				C272B8FF236F08E400E47B6D /* Base */,
			);
			name = LaunchScreen.storyboard;
			sourceTree = "<group>";
		};
/* End PBXVariantGroup section */

/* Begin XCBuildConfiguration section */
		C272B902236F08E400E47B6D /* Debug */ = {
			isa = XCBuildConfiguration;
			buildSettings = {
				ALWAYS_SEARCH_USER_PATHS = NO;
				CLANG_ANALYZER_NONNULL = YES;
				CLANG_ANALYZER_NUMBER_OBJECT_CONVERSION = YES_AGGRESSIVE;
				CLANG_CXX_LANGUAGE_STANDARD = "gnu++14";
				CLANG_CXX_LIBRARY = "libc++";
				CLANG_ENABLE_MODULES = YES;
				CLANG_ENABLE_OBJC_ARC = YES;
				CLANG_ENABLE_OBJC_WEAK = YES;
				CLANG_WARN_BLOCK_CAPTURE_AUTORELEASING = YES;
				CLANG_WARN_BOOL_CONVERSION = YES;
				CLANG_WARN_COMMA = YES;
				CLANG_WARN_CONSTANT_CONVERSION = YES;
				CLANG_WARN_DEPRECATED_OBJC_IMPLEMENTATIONS = YES;
				CLANG_WARN_DIRECT_OBJC_ISA_USAGE = YES_ERROR;
				CLANG_WARN_DOCUMENTATION_COMMENTS = YES;
				CLANG_WARN_EMPTY_BODY = YES;
				CLANG_WARN_ENUM_CONVERSION = YES;
				CLANG_WARN_INFINITE_RECURSION = YES;
				CLANG_WARN_INT_CONVERSION = YES;
				CLANG_WARN_NON_LITERAL_NULL_CONVERSION = YES;
				CLANG_WARN_OBJC_IMPLICIT_RETAIN_SELF = YES;
				CLANG_WARN_OBJC_LITERAL_CONVERSION = YES;
				CLANG_WARN_OBJC_ROOT_CLASS = YES_ERROR;
				CLANG_WARN_RANGE_LOOP_ANALYSIS = YES;
				CLANG_WARN_STRICT_PROTOTYPES = YES;
				CLANG_WARN_SUSPICIOUS_MOVE = YES;
				CLANG_WARN_UNGUARDED_AVAILABILITY = YES_AGGRESSIVE;
				CLANG_WARN_UNREACHABLE_CODE = YES;
				CLANG_WARN__DUPLICATE_METHOD_MATCH = YES;
				COPY_PHASE_STRIP = NO;
				DEBUG_INFORMATION_FORMAT = dwarf;
				ENABLE_STRICT_OBJC_MSGSEND = YES;
				ENABLE_TESTABILITY = YES;
				GCC_C_LANGUAGE_STANDARD = gnu11;
				GCC_DYNAMIC_NO_PIC = NO;
				GCC_NO_COMMON_BLOCKS = YES;
				GCC_OPTIMIZATION_LEVEL = 0;
				GCC_PREPROCESSOR_DEFINITIONS = (
					"DEBUG=1",
					"$(inherited)",
				);
				GCC_WARN_64_TO_32_BIT_CONVERSION = YES;
				GCC_WARN_ABOUT_RETURN_TYPE = YES_ERROR;
				GCC_WARN_UNDECLARED_SELECTOR = YES;
				GCC_WARN_UNINITIALIZED_AUTOS = YES_AGGRESSIVE;
				GCC_WARN_UNUSED_FUNCTION = YES;
				GCC_WARN_UNUSED_VARIABLE = YES;
				IPHONEOS_DEPLOYMENT_TARGET = 13.1;
				MTL_ENABLE_DEBUG_INFO = INCLUDE_SOURCE;
				MTL_FAST_MATH = YES;
				ONLY_ACTIVE_ARCH = YES;
				SDKROOT = iphoneos;
				SWIFT_ACTIVE_COMPILATION_CONDITIONS = DEBUG;
				SWIFT_OPTIMIZATION_LEVEL = "-Onone";
			};
			name = Debug;
		};
		C272B903236F08E400E47B6D /* Release */ = {
			isa = XCBuildConfiguration;
			buildSettings = {
				ALWAYS_SEARCH_USER_PATHS = NO;
				CLANG_ANALYZER_NONNULL = YES;
				CLANG_ANALYZER_NUMBER_OBJECT_CONVERSION = YES_AGGRESSIVE;
				CLANG_CXX_LANGUAGE_STANDARD = "gnu++14";
				CLANG_CXX_LIBRARY = "libc++";
				CLANG_ENABLE_MODULES = YES;
				CLANG_ENABLE_OBJC_ARC = YES;
				CLANG_ENABLE_OBJC_WEAK = YES;
				CLANG_WARN_BLOCK_CAPTURE_AUTORELEASING = YES;
				CLANG_WARN_BOOL_CONVERSION = YES;
				CLANG_WARN_COMMA = YES;
				CLANG_WARN_CONSTANT_CONVERSION = YES;
				CLANG_WARN_DEPRECATED_OBJC_IMPLEMENTATIONS = YES;
				CLANG_WARN_DIRECT_OBJC_ISA_USAGE = YES_ERROR;
				CLANG_WARN_DOCUMENTATION_COMMENTS = YES;
				CLANG_WARN_EMPTY_BODY = YES;
				CLANG_WARN_ENUM_CONVERSION = YES;
				CLANG_WARN_INFINITE_RECURSION = YES;
				CLANG_WARN_INT_CONVERSION = YES;
				CLANG_WARN_NON_LITERAL_NULL_CONVERSION = YES;
				CLANG_WARN_OBJC_IMPLICIT_RETAIN_SELF = YES;
				CLANG_WARN_OBJC_LITERAL_CONVERSION = YES;
				CLANG_WARN_OBJC_ROOT_CLASS = YES_ERROR;
				CLANG_WARN_RANGE_LOOP_ANALYSIS = YES;
				CLANG_WARN_STRICT_PROTOTYPES = YES;
				CLANG_WARN_SUSPICIOUS_MOVE = YES;
				CLANG_WARN_UNGUARDED_AVAILABILITY = YES_AGGRESSIVE;
				CLANG_WARN_UNREACHABLE_CODE = YES;
				CLANG_WARN__DUPLICATE_METHOD_MATCH = YES;
				COPY_PHASE_STRIP = NO;
				DEBUG_INFORMATION_FORMAT = "dwarf-with-dsym";
				ENABLE_NS_ASSERTIONS = NO;
				ENABLE_STRICT_OBJC_MSGSEND = YES;
				GCC_C_LANGUAGE_STANDARD = gnu11;
				GCC_NO_COMMON_BLOCKS = YES;
				GCC_WARN_64_TO_32_BIT_CONVERSION = YES;
				GCC_WARN_ABOUT_RETURN_TYPE = YES_ERROR;
				GCC_WARN_UNDECLARED_SELECTOR = YES;
				GCC_WARN_UNINITIALIZED_AUTOS = YES_AGGRESSIVE;
				GCC_WARN_UNUSED_FUNCTION = YES;
				GCC_WARN_UNUSED_VARIABLE = YES;
				IPHONEOS_DEPLOYMENT_TARGET = 13.1;
				MTL_ENABLE_DEBUG_INFO = NO;
				MTL_FAST_MATH = YES;
				SDKROOT = iphoneos;
				SWIFT_COMPILATION_MODE = wholemodule;
				SWIFT_OPTIMIZATION_LEVEL = "-O";
				VALIDATE_PRODUCT = YES;
			};
			name = Release;
		};
		C272B905236F08E400E47B6D /* Debug */ = {
			isa = XCBuildConfiguration;
			baseConfigurationReference = 75C9140890F7F6129832F548 /* Pods-Online Shop App.debug.xcconfig */;
			buildSettings = {
				ASSETCATALOG_COMPILER_APPICON_NAME = AppIcon;
				CLANG_ENABLE_MODULES = YES;
				CODE_SIGN_STYLE = Automatic;
				INFOPLIST_FILE = "Online Shop App/Info.plist";
				LD_RUNPATH_SEARCH_PATHS = (
					"$(inherited)",
					"@executable_path/Frameworks",
				);
				PRODUCT_BUNDLE_IDENTIFIER = "com.awady.Online-Shop-App";
				PRODUCT_NAME = "$(TARGET_NAME)";
				SWIFT_OBJC_BRIDGING_HEADER = "Online Shop App/SWRevealVC/Online Shop App-Bridging-Header.h";
				SWIFT_OPTIMIZATION_LEVEL = "-Onone";
				SWIFT_VERSION = 5.0;
				TARGETED_DEVICE_FAMILY = "1,2";
			};
			name = Debug;
		};
		C272B906236F08E400E47B6D /* Release */ = {
			isa = XCBuildConfiguration;
			baseConfigurationReference = A85F68DDAF0B1DC0EF31CDE2 /* Pods-Online Shop App.release.xcconfig */;
			buildSettings = {
				ASSETCATALOG_COMPILER_APPICON_NAME = AppIcon;
				CLANG_ENABLE_MODULES = YES;
				CODE_SIGN_STYLE = Automatic;
				INFOPLIST_FILE = "Online Shop App/Info.plist";
				LD_RUNPATH_SEARCH_PATHS = (
					"$(inherited)",
					"@executable_path/Frameworks",
				);
				PRODUCT_BUNDLE_IDENTIFIER = "com.awady.Online-Shop-App";
				PRODUCT_NAME = "$(TARGET_NAME)";
				SWIFT_OBJC_BRIDGING_HEADER = "Online Shop App/SWRevealVC/Online Shop App-Bridging-Header.h";
				SWIFT_VERSION = 5.0;
				TARGETED_DEVICE_FAMILY = "1,2";
			};
			name = Release;
		};
/* End XCBuildConfiguration section */

/* Begin XCConfigurationList section */
		C272B8EB236F08E100E47B6D /* Build configuration list for PBXProject "Online Shop App" */ = {
			isa = XCConfigurationList;
			buildConfigurations = (
				C272B902236F08E400E47B6D /* Debug */,
				C272B903236F08E400E47B6D /* Release */,
			);
			defaultConfigurationIsVisible = 0;
			defaultConfigurationName = Release;
		};
		C272B904236F08E400E47B6D /* Build configuration list for PBXNativeTarget "Online Shop App" */ = {
			isa = XCConfigurationList;
			buildConfigurations = (
				C272B905236F08E400E47B6D /* Debug */,
				C272B906236F08E400E47B6D /* Release */,
			);
			defaultConfigurationIsVisible = 0;
			defaultConfigurationName = Release;
		};
/* End XCConfigurationList section */
	};
	rootObject = C272B8E8236F08E100E47B6D /* Project object */;
}
